{
  "requires": true,
  "lockfileVersion": 1,
  "dependencies": {
    "mongod": {
      "version": "2.0.0",
      "resolved": "https://registry.npmjs.org/mongod/-/mongod-2.0.0.tgz",
      "integrity": "sha1-zuxLcjBRkOhdb4+smS8VpH6xjHQ=",
      "requires": {
        "promise-queue": "^2.2.3"
      }
    },
    "promise-queue": {
      "version": "2.2.5",
      "resolved": "https://registry.npmjs.org/promise-queue/-/promise-queue-2.2.5.tgz",
      "integrity": "sha1-L29ffA9tCBCelnZZx5uIqe1ek7Q="
    }
  }
}
